
Microsoft Visual Studio Solution File, Format Version 12.00
# Visual Studio Version 17
VisualStudioVersion = 17.4.33213.308
MinimumVisualStudioVersion = 10.0.40219.1
Project("{FAE04EC0-301F-11D3-BF4B-00C04F79EFBC}") = "GoldenGrain", "GoldenGrain.csproj", "{29719302-8FAA-4A17-BE42-A00D04C01C8C}"
EndProject
Global
	GlobalSection(SolutionConfigurationPlatforms) = preSolution
		Debug|Any CPU = Debug|Any CPU
		Release|Any CPU = Release|Any CPU
	EndGlobalSection
	GlobalSection(ProjectConfigurationPlatforms) = postSolution
		{29719302-8FAA-4A17-BE42-A00D04C01C8C}.Debug|Any CPU.ActiveCfg = Debug|Any CPU
		{29719302-8FAA-4A17-BE42-A00D04C01C8C}.Debug|Any CPU.Build.0 = Debug|Any CPU
		{29719302-8FAA-4A17-BE42-A00D04C01C8C}.Release|Any CPU.ActiveCfg = Release|Any CPU
		{29719302-8FAA-4A17-BE42-A00D04C01C8C}.Release|Any CPU.Build.0 = Release|Any CPU
	EndGlobalSection
	GlobalSection(SolutionProperties) = preSolution
		HideSolutionNode = FALSE
	EndGlobalSection
	GlobalSection(ExtensibilityGlobals) = postSolution
		SolutionGuid = {8565A7F2-4443-4D82-A8B9-BFD77BB505D2}
	EndGlobalSection
EndGlobal
